
Microsoft Visual Studio Solution File, Format Version 12.00
# Visual Studio 15
VisualStudioVersion = 15.0.28307.106
MinimumVisualStudioVersion = 10.0.40219.1
Project("{FAE04EC0-301F-11D3-BF4B-00C04F79EFBC}") = "BabatAudioBook", "BabatAudioBook\BabatAudioBook.csproj", "{6A9C139F-0441-4910-9FA7-8C0B110B8EB4}"
EndProject
Global
	GlobalSection(SolutionConfigurationPlatforms) = preSolution
		Debug|Any CPU = Debug|Any CPU
		Release|Any CPU = Release|Any CPU
	EndGlobalSection
	GlobalSection(ProjectConfigurationPlatforms) = postSolution
		{6A9C139F-0441-4910-9FA7-8C0B110B8EB4}.Debug|Any CPU.ActiveCfg = Debug|Any CPU
		{6A9C139F-0441-4910-9FA7-8C0B110B8EB4}.Debug|Any CPU.Build.0 = Debug|Any CPU
		{6A9C139F-0441-4910-9FA7-8C0B110B8EB4}.Release|Any CPU.ActiveCfg = Release|Any CPU
		{6A9C139F-0441-4910-9FA7-8C0B110B8EB4}.Release|Any CPU.Build.0 = Release|Any CPU
	EndGlobalSection
	GlobalSection(SolutionProperties) = preSolution
		HideSolutionNode = FALSE
	EndGlobalSection
	GlobalSection(ExtensibilityGlobals) = postSolution
		SolutionGuid = {23007B0D-7256-4E60-B6F9-BF38BBA2A0E9}
	EndGlobalSection
EndGlobal
